
Microsoft Visual Studio Solution File, Format Version 12.00
# Visual Studio 15
VisualStudioVersion = 15.0.26020.0
MinimumVisualStudioVersion = 10.0.40219.1
Project("{FAE04EC0-301F-11D3-BF4B-00C04F79EFBC}") = "Neat.CQRSLite.Contract", "Neat.CQRSLite.Contract\Neat.CQRSLite.Contract.csproj", "{D10B176B-A3B1-4FF6-A764-F6EB36EF16EA}"
EndProject
Project("{FAE04EC0-301F-11D3-BF4B-00C04F79EFBC}") = "Neat.CQRSLite.CQRS", "Neat.CQRSLite.CQRS\Neat.CQRSLite.CQRS.csproj", "{AEE676FF-2BAE-405B-92A9-9CE7B217B1B6}"
EndProject
Project("{2150E333-8FDC-42A3-9474-1A3956D46DE8}") = "Tests", "Tests", "{5FC35E40-4625-4671-99C7-75A6DA5F1E81}"
EndProject
Project("{FAE04EC0-301F-11D3-BF4B-00C04F79EFBC}") = "Neat.CQRSLite.CQRS.Tests", "Neat.CQRSLite.CQRS.Tests\Neat.CQRSLite.CQRS.Tests.csproj", "{E89AC5A6-43E0-4DE8-AB5C-8E9EBD271A21}"
EndProject
Project("{2150E333-8FDC-42A3-9474-1A3956D46DE8}") = "Build", "Build", "{7FDEADFE-7B4B-4D24-8C52-2ED2F1542FBD}"
	ProjectSection(SolutionItems) = preProject
		appveyor.yml = appveyor.yml
	EndProjectSection
EndProject
Global
	GlobalSection(SolutionConfigurationPlatforms) = preSolution
		Debug|Any CPU = Debug|Any CPU
		Release|Any CPU = Release|Any CPU
	EndGlobalSection
	GlobalSection(ProjectConfigurationPlatforms) = postSolution
		{D10B176B-A3B1-4FF6-A764-F6EB36EF16EA}.Debug|Any CPU.ActiveCfg = Debug|Any CPU
		{D10B176B-A3B1-4FF6-A764-F6EB36EF16EA}.Debug|Any CPU.Build.0 = Debug|Any CPU
		{D10B176B-A3B1-4FF6-A764-F6EB36EF16EA}.Release|Any CPU.ActiveCfg = Release|Any CPU
		{D10B176B-A3B1-4FF6-A764-F6EB36EF16EA}.Release|Any CPU.Build.0 = Release|Any CPU
		{AEE676FF-2BAE-405B-92A9-9CE7B217B1B6}.Debug|Any CPU.ActiveCfg = Debug|Any CPU
		{AEE676FF-2BAE-405B-92A9-9CE7B217B1B6}.Debug|Any CPU.Build.0 = Debug|Any CPU
		{AEE676FF-2BAE-405B-92A9-9CE7B217B1B6}.Release|Any CPU.ActiveCfg = Release|Any CPU
		{AEE676FF-2BAE-405B-92A9-9CE7B217B1B6}.Release|Any CPU.Build.0 = Release|Any CPU
		{E89AC5A6-43E0-4DE8-AB5C-8E9EBD271A21}.Debug|Any CPU.ActiveCfg = Debug|Any CPU
		{E89AC5A6-43E0-4DE8-AB5C-8E9EBD271A21}.Debug|Any CPU.Build.0 = Debug|Any CPU
		{E89AC5A6-43E0-4DE8-AB5C-8E9EBD271A21}.Release|Any CPU.ActiveCfg = Release|Any CPU
		{E89AC5A6-43E0-4DE8-AB5C-8E9EBD271A21}.Release|Any CPU.Build.0 = Release|Any CPU
	EndGlobalSection
	GlobalSection(SolutionProperties) = preSolution
		HideSolutionNode = FALSE
	EndGlobalSection
	GlobalSection(NestedProjects) = preSolution
		{E89AC5A6-43E0-4DE8-AB5C-8E9EBD271A21} = {5FC35E40-4625-4671-99C7-75A6DA5F1E81}
	EndGlobalSection
EndGlobal
